{
  "name": "@heymarco/typography",
  "version": "1.0.7",
  "lockfileVersion": 1,
  "requires": true,
  "dependencies": {
    "@heymarco/border": {
      "version": "1.0.6",
      "resolved": "https://registry.npmjs.org/@heymarco/border/-/border-1.0.6.tgz",
      "integrity": "sha512-vdqDHHwKVeJCyF/99EOz/41nhS2q9NWJRzePo1dEReptQlJl3ouS2JGcs3u3GsHAV0mL/rziZxJp+E0NEyKSVg==",
      "requires": {
        "@heymarco/colors": "^1.0.9",
        "@heymarco/sass-class-template": "^1.0.5"
      }
    },
    "@heymarco/colors": {
      "version": "1.0.9",
      "resolved": "https://registry.npmjs.org/@heymarco/colors/-/colors-1.0.9.tgz",
      "integrity": "sha512-7Wha9ujUuGnkYzQp8xoOFjv+snntLZ0m1rJOblQIuObaHnKpWGExghuB+2MM/USQH85T08pbnBT/ju8eDPBiHA==",
      "requires": {
        "@heymarco/sass-class-template": "^1.0.5",
        "@heymarco/sass-selector": "^1.0.4"
      }
    },
    "@heymarco/sass-class-template": {
      "version": "1.0.5",
      "resolved": "https://registry.npmjs.org/@heymarco/sass-class-template/-/sass-class-template-1.0.5.tgz",
      "integrity": "sha512-F1j5v4ELqaRl2oCz6YsOcoGohEnwL6xswTSRHzbK3g4bflXh9PvniLcMa9F90TVwktI+Q5370yTf4XD23IYf3g==",
      "requires": {
        "@heymarco/sass-selector": "^1.0.2",
        "@heymarco/sass-string": "^1.0.1"
      }
    },
    "@heymarco/sass-selector": {
      "version": "1.0.4",
      "resolved": "https://registry.npmjs.org/@heymarco/sass-selector/-/sass-selector-1.0.4.tgz",
      "integrity": "sha512-fOAg6JPQnSlJUL+HCFC+dMmj+lx3pi802hXYiQWdjS1rOBbeEk+VHb9D6ccq8H5xTJyAztaTctfghPwb1ZQpkw==",
      "requires": {
        "@heymarco/sass-string": "^1.0.1"
      }
    },
    "@heymarco/sass-string": {
      "version": "1.0.1",
      "resolved": "https://registry.npmjs.org/@heymarco/sass-string/-/sass-string-1.0.1.tgz",
      "integrity": "sha512-YH2CTse5Ku9XQC1R0F92FcFVzJLgBX+jQoR0I3/1cO20PCN/0diUeOfFvJDzMoVbnvqjXKmUsoAhHHvrsqYzMw=="
    },
    "@heymarco/spacer": {
      "version": "1.0.5",
      "resolved": "https://registry.npmjs.org/@heymarco/spacer/-/spacer-1.0.5.tgz",
      "integrity": "sha512-pIB8eqDsQB+Oh9KCl6y1Rx4Ir4RqrWFMjhLehyjMAxOSEbtxxWLHcHYiCAvW70odNUVsrHjJ6yKn8ue1Byc+WQ==",
      "requires": {
        "@heymarco/sass-class-template": "^1.0.5"
      }
    }
  }
}
