{
  "name": "@heymarco/typography",
  "version": "1.0.0",
  "lockfileVersion": 1,
  "requires": true,
  "dependencies": {
    "@heymarco/colors": {
      "version": "1.0.4",
      "resolved": "https://registry.npmjs.org/@heymarco/colors/-/colors-1.0.4.tgz",
      "integrity": "sha512-zIS7nnd8IVKao3Bch7+wlwNZG3aO13dRi34tviaSNnO3vC9c8i5w7CgZgNrREpy6iZYkO+tCUJEaTfZFvcn60A==",
      "requires": {
        "bootstrap": "^4.5.3"
      }
    },
    "@heymarco/scss-utils": {
      "version": "1.0.3",
      "resolved": "https://registry.npmjs.org/@heymarco/scss-utils/-/scss-utils-1.0.3.tgz",
      "integrity": "sha512-V0h5PJbxRoTNC/wm+2iXagmOI9zoz3pvj/mXyWKhcNk1vH0fjobOpQx8NrTvdUMBsV/DusfckTcYZrvFK0TbQw=="
    },
    "bootstrap": {
      "version": "4.5.3",
      "resolved": "https://registry.npmjs.org/bootstrap/-/bootstrap-4.5.3.tgz",
      "integrity": "sha512-o9ppKQioXGqhw8Z7mah6KdTYpNQY//tipnkxppWhPbiSWdD+1raYsnhwEZjkTHYbGee4cVQ0Rx65EhOY/HNLcQ=="
    }
  }
}
